<?xml version="1.0" encoding="utf-8"?>
<Project ToolsVersion="4.0" xmlns="http://schemas.microsoft.com/developer/msbuild/2003">
  <ItemGroup>
    <Filter Include="Source Files">
      <UniqueIdentifier>{4FC737F1-C7A5-4376-A066-2A32D752A2FF}</UniqueIdentifier>
      <Extensions>cpp;c;cc;cxx;c++;cppm;ixx;def;odl;idl;hpj;bat;asm;asmx</Extensions>
    </Filter>
    <Filter Include="Header Files">
      <UniqueIdentifier>{93995380-89BD-4b04-88EB-625FBE52EBFB}</UniqueIdentifier>
      <Extensions>h;hh;hpp;hxx;h++;hm;inl;inc;ipp;xsd</Extensions>
    </Filter>
    <Filter Include="Resource Files">
      <UniqueIdentifier>{67DA6AB6-F800-4c08-8B7A-83BB121AAD01}</UniqueIdentifier>
      <Extensions>rc;ico;cur;bmp;dlg;rc2;rct;bin;rgs;gif;jpg;jpeg;jpe;resx;tiff;tif;png;wav;mfcribbon-ms</Extensions>
    </Filter>
    <Filter Include="Source Files\P2P">
      <UniqueIdentifier>{52300694-db89-49ea-8399-8ecf7c0fe207}</UniqueIdentifier>
    </Filter>
    <Filter Include="Source Files\Encryption">
      <UniqueIdentifier>{4f5f6a2f-12cd-4d3f-8e83-845677c882cf}</UniqueIdentifier>
    </Filter>
  </ItemGroup>
  <ItemGroup>
    <ClInclude Include="Files\cLogging.h">
      <Filter>Header Files</Filter>
    </ClInclude>
    <ClInclude Include="Files\cSocket.h">
      <Filter>Header Files</Filter>
    </ClInclude>
    <ClInclude Include="Files\cString.h">
      <Filter>Header Files</Filter>
    </ClInclude>
    <ClInclude Include="Files\cSystem.h">
      <Filter>Header Files</Filter>
    </ClInclude>
    <ClInclude Include="Files\cTestThread.h">
      <Filter>Header Files</Filter>
    </ClInclude>
    <ClInclude Include="Files\cThread.h">
      <Filter>Header Files</Filter>
    </ClInclude>
    <ClInclude Include="Files\cVoodoo.h">
      <Filter>Header Files</Filter>
    </ClInclude>
    <ClInclude Include="Files\cCommands.h">
      <Filter>Header Files</Filter>
    </ClInclude>
    <ClInclude Include="Files\md5.h">
      <Filter>Resource Files</Filter>
    </ClInclude>
    <ClInclude Include="Files\includes.h">
      <Filter>Resource Files</Filter>
    </ClInclude>
    <ClInclude Include="Files\global.h">
      <Filter>Resource Files</Filter>
    </ClInclude>
    <ClInclude Include="Files\externs.h">
      <Filter>Resource Files</Filter>
    </ClInclude>
    <ClInclude Include="Files\config.h">
      <Filter>Resource Files</Filter>
    </ClInclude>
    <ClInclude Include="Files\cServer.h">
      <Filter>Source Files\P2P</Filter>
    </ClInclude>
    <ClInclude Include="Files\cXORCipher.h">
      <Filter>Source Files\Encryption</Filter>
    </ClInclude>
    <ClInclude Include="Files\cServerControl.h">
      <Filter>Source Files\P2P</Filter>
    </ClInclude>
    <ClInclude Include="Files\cMagic.h">
      <Filter>Header Files</Filter>
    </ClInclude>
    <ClInclude Include="resource.h">
      <Filter>Header Files</Filter>
    </ClInclude>
    <ClInclude Include="Files\threadstrings.h">
      <Filter>Resource Files</Filter>
    </ClInclude>
    <ClInclude Include="Files\cAstro.h">
      <Filter>Header Files</Filter>
    </ClInclude>
  </ItemGroup>
  <ItemGroup>
    <ClCompile Include="Files\cLogging.cpp">
      <Filter>Source Files</Filter>
    </ClCompile>
    <ClCompile Include="Files\config.cpp">
      <Filter>Source Files</Filter>
    </ClCompile>
    <ClCompile Include="Files\cSocket.cpp">
      <Filter>Source Files</Filter>
    </ClCompile>
    <ClCompile Include="Files\cString.cpp">
      <Filter>Source Files</Filter>
    </ClCompile>
    <ClCompile Include="Files\cSystem.cpp">
      <Filter>Source Files</Filter>
    </ClCompile>
    <ClCompile Include="Files\cTestThread.cpp">
      <Filter>Source Files</Filter>
    </ClCompile>
    <ClCompile Include="Files\cThread.cpp">
      <Filter>Source Files</Filter>
    </ClCompile>
    <ClCompile Include="Files\cVoodoo.cpp">
      <Filter>Source Files</Filter>
    </ClCompile>
    <ClCompile Include="Files\cCommands.cpp">
      <Filter>Source Files</Filter>
    </ClCompile>
    <ClCompile Include="Files\cServer.cpp">
      <Filter>Source Files\P2P</Filter>
    </ClCompile>
    <ClCompile Include="Files\cXORCipher.cpp">
      <Filter>Source Files\Encryption</Filter>
    </ClCompile>
    <ClCompile Include="Files\cServerControl.cpp">
      <Filter>Source Files\P2P</Filter>
    </ClCompile>
    <ClCompile Include="Files\cMagic.cpp">
      <Filter>Source Files</Filter>
    </ClCompile>
    <ClCompile Include="Files\cAstro.cpp">
      <Filter>Source Files</Filter>
    </ClCompile>
    <ClCompile Include="Files\MD5.cpp">
      <Filter>Source Files\Encryption</Filter>
    </ClCompile>
  </ItemGroup>
  <ItemGroup>
    <ResourceCompile Include="VoodooNET.rc">
      <Filter>Resource Files</Filter>
    </ResourceCompile>
  </ItemGroup>
</Project>